// !$*UTF8*$!
{
	archiveVersion = 1;
	classes = {
	};
	objectVersion = 46;
	objects = {

/* Begin PBXBuildFile section */
		883570FE28B8085000F0EE1E /* RNINavigationEventsReportingViewController.swift in Sources */ = {isa = PBXBuildFile; fileRef = 883570ED28B8085000F0EE1E /* RNINavigationEventsReportingViewController.swift */; };
		883570FF28B8085000F0EE1E /* RNINavigationEventsNotifiable.swift in Sources */ = {isa = PBXBuildFile; fileRef = 883570EE28B8085000F0EE1E /* RNINavigationEventsNotifiable.swift */; };
		8835710028B8085000F0EE1E /* RNIGenericErrorCode.swift in Sources */ = {isa = PBXBuildFile; fileRef = 883570F028B8085000F0EE1E /* RNIGenericErrorCode.swift */; };
		8835710128B8085000F0EE1E /* RNIGenericError.swift in Sources */ = {isa = PBXBuildFile; fileRef = 883570F128B8085000F0EE1E /* RNIGenericError.swift */; };
		8835710228B8085000F0EE1E /* RNIError.swift in Sources */ = {isa = PBXBuildFile; fileRef = 883570F228B8085000F0EE1E /* RNIError.swift */; };
		8835710328B8085000F0EE1E /* RNIWrapperViewManager.swift in Sources */ = {isa = PBXBuildFile; fileRef = 883570F428B8085000F0EE1E /* RNIWrapperViewManager.swift */; };
		8835710428B8085000F0EE1E /* RNIWrapperView.swift in Sources */ = {isa = PBXBuildFile; fileRef = 883570F528B8085000F0EE1E /* RNIWrapperView.swift */; };
		8835710528B8085000F0EE1E /* RNIWrapperViewEventsNotifiable.swift in Sources */ = {isa = PBXBuildFile; fileRef = 883570F628B8085000F0EE1E /* RNIWrapperViewEventsNotifiable.swift */; };
		8835710628B8085000F0EE1E /* RNIWrapperViewModule.swift in Sources */ = {isa = PBXBuildFile; fileRef = 883570F728B8085000F0EE1E /* RNIWrapperViewModule.swift */; };
		8835710728B8085000F0EE1E /* RNIWrapperViewManager.m in Sources */ = {isa = PBXBuildFile; fileRef = 883570F828B8085000F0EE1E /* RNIWrapperViewManager.m */; };
		8835710828B8085000F0EE1E /* RNIWrapperViewModule.m in Sources */ = {isa = PBXBuildFile; fileRef = 883570F928B8085000F0EE1E /* RNIWrapperViewModule.m */; };
		8835710928B8085000F0EE1E /* RNICleanable.swift in Sources */ = {isa = PBXBuildFile; fileRef = 883570FB28B8085000F0EE1E /* RNICleanable.swift */; };
		8835710A28B8085000F0EE1E /* RNIUtilities.swift in Sources */ = {isa = PBXBuildFile; fileRef = 883570FD28B8085000F0EE1E /* RNIUtilities.swift */; };
/* End PBXBuildFile section */

/* Begin PBXCopyFilesBuildPhase section */
		58B511D91A9E6C8500147676 /* CopyFiles */ = {
			isa = PBXCopyFilesBuildPhase;
			buildActionMask = 2147483647;
			dstPath = "include/$(PRODUCT_NAME)";
			dstSubfolderSpec = 16;
			files = (
			);
			runOnlyForDeploymentPostprocessing = 0;
		};
/* End PBXCopyFilesBuildPhase section */

/* Begin PBXFileReference section */
		134814201AA4EA6300B7C361 /* libIosUtilities.a */ = {isa = PBXFileReference; explicitFileType = archive.ar; includeInIndex = 0; path = libIosUtilities.a; sourceTree = BUILT_PRODUCTS_DIR; };
		883570EB28B8085000F0EE1E /* IosUtilities-Bridging-Header.h */ = {isa = PBXFileReference; fileEncoding = 4; lastKnownFileType = sourcecode.c.h; path = "IosUtilities-Bridging-Header.h"; sourceTree = "<group>"; };
		883570ED28B8085000F0EE1E /* RNINavigationEventsReportingViewController.swift */ = {isa = PBXFileReference; fileEncoding = 4; lastKnownFileType = sourcecode.swift; path = RNINavigationEventsReportingViewController.swift; sourceTree = "<group>"; };
		883570EE28B8085000F0EE1E /* RNINavigationEventsNotifiable.swift */ = {isa = PBXFileReference; fileEncoding = 4; lastKnownFileType = sourcecode.swift; path = RNINavigationEventsNotifiable.swift; sourceTree = "<group>"; };
		883570F028B8085000F0EE1E /* RNIGenericErrorCode.swift */ = {isa = PBXFileReference; fileEncoding = 4; lastKnownFileType = sourcecode.swift; path = RNIGenericErrorCode.swift; sourceTree = "<group>"; };
		883570F128B8085000F0EE1E /* RNIGenericError.swift */ = {isa = PBXFileReference; fileEncoding = 4; lastKnownFileType = sourcecode.swift; path = RNIGenericError.swift; sourceTree = "<group>"; };
		883570F228B8085000F0EE1E /* RNIError.swift */ = {isa = PBXFileReference; fileEncoding = 4; lastKnownFileType = sourcecode.swift; path = RNIError.swift; sourceTree = "<group>"; };
		883570F428B8085000F0EE1E /* RNIWrapperViewManager.swift */ = {isa = PBXFileReference; fileEncoding = 4; lastKnownFileType = sourcecode.swift; path = RNIWrapperViewManager.swift; sourceTree = "<group>"; };
		883570F528B8085000F0EE1E /* RNIWrapperView.swift */ = {isa = PBXFileReference; fileEncoding = 4; lastKnownFileType = sourcecode.swift; path = RNIWrapperView.swift; sourceTree = "<group>"; };
		883570F628B8085000F0EE1E /* RNIWrapperViewEventsNotifiable.swift */ = {isa = PBXFileReference; fileEncoding = 4; lastKnownFileType = sourcecode.swift; path = RNIWrapperViewEventsNotifiable.swift; sourceTree = "<group>"; };
		883570F728B8085000F0EE1E /* RNIWrapperViewModule.swift */ = {isa = PBXFileReference; fileEncoding = 4; lastKnownFileType = sourcecode.swift; path = RNIWrapperViewModule.swift; sourceTree = "<group>"; };
		883570F828B8085000F0EE1E /* RNIWrapperViewManager.m */ = {isa = PBXFileReference; fileEncoding = 4; lastKnownFileType = sourcecode.c.objc; path = RNIWrapperViewManager.m; sourceTree = "<group>"; };
		883570F928B8085000F0EE1E /* RNIWrapperViewModule.m */ = {isa = PBXFileReference; fileEncoding = 4; lastKnownFileType = sourcecode.c.objc; path = RNIWrapperViewModule.m; sourceTree = "<group>"; };
		883570FB28B8085000F0EE1E /* RNICleanable.swift */ = {isa = PBXFileReference; fileEncoding = 4; lastKnownFileType = sourcecode.swift; path = RNICleanable.swift; sourceTree = "<group>"; };
		883570FD28B8085000F0EE1E /* RNIUtilities.swift */ = {isa = PBXFileReference; fileEncoding = 4; lastKnownFileType = sourcecode.swift; path = RNIUtilities.swift; sourceTree = "<group>"; };
/* End PBXFileReference section */

/* Begin PBXFrameworksBuildPhase section */
		58B511D81A9E6C8500147676 /* Frameworks */ = {
			isa = PBXFrameworksBuildPhase;
			buildActionMask = 2147483647;
			files = (
			);
			runOnlyForDeploymentPostprocessing = 0;
		};
/* End PBXFrameworksBuildPhase section */

/* Begin PBXGroup section */
		134814211AA4EA7D00B7C361 /* Products */ = {
			isa = PBXGroup;
			children = (
				134814201AA4EA6300B7C361 /* libIosUtilities.a */,
			);
			name = Products;
			sourceTree = "<group>";
		};
		58B511D21A9E6C8500147676 = {
			isa = PBXGroup;
			children = (
				883570EA28B8085000F0EE1E /* Src */,
				134814211AA4EA7D00B7C361 /* Products */,
			);
			sourceTree = "<group>";
		};
		883570EA28B8085000F0EE1E /* Src */ = {
			isa = PBXGroup;
			children = (
				883570EB28B8085000F0EE1E /* IosUtilities-Bridging-Header.h */,
				883570EC28B8085000F0EE1E /* RNINavigationEventsReporting */,
				883570EF28B8085000F0EE1E /* RNIError */,
				883570F328B8085000F0EE1E /* RNIWrapperView */,
				883570FA28B8085000F0EE1E /* Protocols */,
				883570FC28B8085000F0EE1E /* Helpers */,
			);
			path = Src;
			sourceTree = "<group>";
		};
		883570EC28B8085000F0EE1E /* RNINavigationEventsReporting */ = {
			isa = PBXGroup;
			children = (
				883570ED28B8085000F0EE1E /* RNINavigationEventsReportingViewController.swift */,
				883570EE28B8085000F0EE1E /* RNINavigationEventsNotifiable.swift */,
			);
			path = RNINavigationEventsReporting;
			sourceTree = "<group>";
		};
		883570EF28B8085000F0EE1E /* RNIError */ = {
			isa = PBXGroup;
			children = (
				883570F028B8085000F0EE1E /* RNIGenericErrorCode.swift */,
				883570F128B8085000F0EE1E /* RNIGenericError.swift */,
				883570F228B8085000F0EE1E /* RNIError.swift */,
			);
			path = RNIError;
			sourceTree = "<group>";
		};
		883570F328B8085000F0EE1E /* RNIWrapperView */ = {
			isa = PBXGroup;
			children = (
				883570F428B8085000F0EE1E /* RNIWrapperViewManager.swift */,
				883570F528B8085000F0EE1E /* RNIWrapperView.swift */,
				883570F628B8085000F0EE1E /* RNIWrapperViewEventsNotifiable.swift */,
				883570F728B8085000F0EE1E /* RNIWrapperViewModule.swift */,
				883570F828B8085000F0EE1E /* RNIWrapperViewManager.m */,
				883570F928B8085000F0EE1E /* RNIWrapperViewModule.m */,
			);
			path = RNIWrapperView;
			sourceTree = "<group>";
		};
		883570FA28B8085000F0EE1E /* Protocols */ = {
			isa = PBXGroup;
			children = (
				883570FB28B8085000F0EE1E /* RNICleanable.swift */,
			);
			path = Protocols;
			sourceTree = "<group>";
		};
		883570FC28B8085000F0EE1E /* Helpers */ = {
			isa = PBXGroup;
			children = (
				883570FD28B8085000F0EE1E /* RNIUtilities.swift */,
			);
			path = Helpers;
			sourceTree = "<group>";
		};
/* End PBXGroup section */

/* Begin PBXNativeTarget section */
		58B511DA1A9E6C8500147676 /* IosUtilities */ = {
			isa = PBXNativeTarget;
			buildConfigurationList = 58B511EF1A9E6C8500147676 /* Build configuration list for PBXNativeTarget "IosUtilities" */;
			buildPhases = (
				58B511D71A9E6C8500147676 /* Sources */,
				58B511D81A9E6C8500147676 /* Frameworks */,
				58B511D91A9E6C8500147676 /* CopyFiles */,
			);
			buildRules = (
			);
			dependencies = (
			);
			name = IosUtilities;
			productName = RCTDataManager;
			productReference = 134814201AA4EA6300B7C361 /* libIosUtilities.a */;
			productType = "com.apple.product-type.library.static";
		};
/* End PBXNativeTarget section */

/* Begin PBXProject section */
		58B511D31A9E6C8500147676 /* Project object */ = {
			isa = PBXProject;
			attributes = {
				LastUpgradeCheck = 0920;
				ORGANIZATIONNAME = Facebook;
				TargetAttributes = {
					58B511DA1A9E6C8500147676 = {
						CreatedOnToolsVersion = 6.1.1;
					};
				};
			};
			buildConfigurationList = 58B511D61A9E6C8500147676 /* Build configuration list for PBXProject "IosUtilities" */;
			compatibilityVersion = "Xcode 3.2";
			developmentRegion = English;
			hasScannedForEncodings = 0;
			knownRegions = (
				English,
				en,
			);
			mainGroup = 58B511D21A9E6C8500147676;
			productRefGroup = 58B511D21A9E6C8500147676;
			projectDirPath = "";
			projectRoot = "";
			targets = (
				58B511DA1A9E6C8500147676 /* IosUtilities */,
			);
		};
/* End PBXProject section */

/* Begin PBXSourcesBuildPhase section */
		58B511D71A9E6C8500147676 /* Sources */ = {
			isa = PBXSourcesBuildPhase;
			buildActionMask = 2147483647;
			files = (
				8835710828B8085000F0EE1E /* RNIWrapperViewModule.m in Sources */,
				8835710A28B8085000F0EE1E /* RNIUtilities.swift in Sources */,
				8835710128B8085000F0EE1E /* RNIGenericError.swift in Sources */,
				8835710428B8085000F0EE1E /* RNIWrapperView.swift in Sources */,
				8835710728B8085000F0EE1E /* RNIWrapperViewManager.m in Sources */,
				883570FE28B8085000F0EE1E /* RNINavigationEventsReportingViewController.swift in Sources */,
				8835710928B8085000F0EE1E /* RNICleanable.swift in Sources */,
				8835710328B8085000F0EE1E /* RNIWrapperViewManager.swift in Sources */,
				883570FF28B8085000F0EE1E /* RNINavigationEventsNotifiable.swift in Sources */,
				8835710028B8085000F0EE1E /* RNIGenericErrorCode.swift in Sources */,
				8835710528B8085000F0EE1E /* RNIWrapperViewEventsNotifiable.swift in Sources */,
				8835710228B8085000F0EE1E /* RNIError.swift in Sources */,
				8835710628B8085000F0EE1E /* RNIWrapperViewModule.swift in Sources */,
			);
			runOnlyForDeploymentPostprocessing = 0;
		};
/* End PBXSourcesBuildPhase section */

/* Begin XCBuildConfiguration section */
		58B511ED1A9E6C8500147676 /* Debug */ = {
			isa = XCBuildConfiguration;
			buildSettings = {
				ALWAYS_SEARCH_USER_PATHS = NO;
				CLANG_CXX_LANGUAGE_STANDARD = "gnu++0x";
				CLANG_CXX_LIBRARY = "libc++";
				CLANG_ENABLE_MODULES = YES;
				CLANG_ENABLE_OBJC_ARC = YES;
				CLANG_WARN_BLOCK_CAPTURE_AUTORELEASING = YES;
				CLANG_WARN_BOOL_CONVERSION = YES;
				CLANG_WARN_COMMA = YES;
				CLANG_WARN_CONSTANT_CONVERSION = YES;
				CLANG_WARN_DIRECT_OBJC_ISA_USAGE = YES_ERROR;
				CLANG_WARN_EMPTY_BODY = YES;
				CLANG_WARN_ENUM_CONVERSION = YES;
				CLANG_WARN_INFINITE_RECURSION = YES;
				CLANG_WARN_INT_CONVERSION = YES;
				CLANG_WARN_NON_LITERAL_NULL_CONVERSION = YES;
				CLANG_WARN_OBJC_LITERAL_CONVERSION = YES;
				CLANG_WARN_OBJC_ROOT_CLASS = YES_ERROR;
				CLANG_WARN_RANGE_LOOP_ANALYSIS = YES;
				CLANG_WARN_STRICT_PROTOTYPES = YES;
				CLANG_WARN_SUSPICIOUS_MOVE = YES;
				CLANG_WARN_UNREACHABLE_CODE = YES;
				CLANG_WARN__DUPLICATE_METHOD_MATCH = YES;
				COPY_PHASE_STRIP = NO;
				ENABLE_STRICT_OBJC_MSGSEND = YES;
				ENABLE_TESTABILITY = YES;
				GCC_C_LANGUAGE_STANDARD = gnu99;
				GCC_DYNAMIC_NO_PIC = NO;
				GCC_NO_COMMON_BLOCKS = YES;
				GCC_OPTIMIZATION_LEVEL = 0;
				GCC_PREPROCESSOR_DEFINITIONS = (
					"DEBUG=1",
					"$(inherited)",
				);
				GCC_SYMBOLS_PRIVATE_EXTERN = NO;
				GCC_WARN_64_TO_32_BIT_CONVERSION = YES;
				GCC_WARN_ABOUT_RETURN_TYPE = YES_ERROR;
				GCC_WARN_UNDECLARED_SELECTOR = YES;
				GCC_WARN_UNINITIALIZED_AUTOS = YES_AGGRESSIVE;
				GCC_WARN_UNUSED_FUNCTION = YES;
				GCC_WARN_UNUSED_VARIABLE = YES;
				IPHONEOS_DEPLOYMENT_TARGET = 8.0;
				MTL_ENABLE_DEBUG_INFO = YES;
				ONLY_ACTIVE_ARCH = YES;
				SDKROOT = iphoneos;
			};
			name = Debug;
		};
		58B511EE1A9E6C8500147676 /* Release */ = {
			isa = XCBuildConfiguration;
			buildSettings = {
				ALWAYS_SEARCH_USER_PATHS = NO;
				CLANG_CXX_LANGUAGE_STANDARD = "gnu++0x";
				CLANG_CXX_LIBRARY = "libc++";
				CLANG_ENABLE_MODULES = YES;
				CLANG_ENABLE_OBJC_ARC = YES;
				CLANG_WARN_BLOCK_CAPTURE_AUTORELEASING = YES;
				CLANG_WARN_BOOL_CONVERSION = YES;
				CLANG_WARN_COMMA = YES;
				CLANG_WARN_CONSTANT_CONVERSION = YES;
				CLANG_WARN_DIRECT_OBJC_ISA_USAGE = YES_ERROR;
				CLANG_WARN_EMPTY_BODY = YES;
				CLANG_WARN_ENUM_CONVERSION = YES;
				CLANG_WARN_INFINITE_RECURSION = YES;
				CLANG_WARN_INT_CONVERSION = YES;
				CLANG_WARN_NON_LITERAL_NULL_CONVERSION = YES;
				CLANG_WARN_OBJC_LITERAL_CONVERSION = YES;
				CLANG_WARN_OBJC_ROOT_CLASS = YES_ERROR;
				CLANG_WARN_RANGE_LOOP_ANALYSIS = YES;
				CLANG_WARN_STRICT_PROTOTYPES = YES;
				CLANG_WARN_SUSPICIOUS_MOVE = YES;
				CLANG_WARN_UNREACHABLE_CODE = YES;
				CLANG_WARN__DUPLICATE_METHOD_MATCH = YES;
				COPY_PHASE_STRIP = YES;
				ENABLE_NS_ASSERTIONS = NO;
				ENABLE_STRICT_OBJC_MSGSEND = YES;
				GCC_C_LANGUAGE_STANDARD = gnu99;
				GCC_NO_COMMON_BLOCKS = YES;
				GCC_WARN_64_TO_32_BIT_CONVERSION = YES;
				GCC_WARN_ABOUT_RETURN_TYPE = YES_ERROR;
				GCC_WARN_UNDECLARED_SELECTOR = YES;
				GCC_WARN_UNINITIALIZED_AUTOS = YES_AGGRESSIVE;
				GCC_WARN_UNUSED_FUNCTION = YES;
				GCC_WARN_UNUSED_VARIABLE = YES;
				IPHONEOS_DEPLOYMENT_TARGET = 8.0;
				MTL_ENABLE_DEBUG_INFO = NO;
				SDKROOT = iphoneos;
				VALIDATE_PRODUCT = YES;
			};
			name = Release;
		};
		58B511F01A9E6C8500147676 /* Debug */ = {
			isa = XCBuildConfiguration;
			buildSettings = {
				DEFINES_MODULE = YES;
				HEADER_SEARCH_PATHS = (
					"$(inherited)",
					/Applications/Xcode.app/Contents/Developer/Toolchains/XcodeDefault.xctoolchain/usr/include,
					"$(SRCROOT)/../../../React/**",
					"$(SRCROOT)/../../react-native/React/**",
				);
				LIBRARY_SEARCH_PATHS = "$(inherited)";
				OTHER_LDFLAGS = "-ObjC";
				PRODUCT_NAME = IosUtilities;
				SKIP_INSTALL = YES;
				SWIFT_OBJC_BRIDGING_HEADER = "Src/IosUtilities-Bridging-Header.h";
				SWIFT_OPTIMIZATION_LEVEL = "-Onone";
				SWIFT_VERSION = 5.0;
			};
			name = Debug;
		};
		58B511F11A9E6C8500147676 /* Release */ = {
			isa = XCBuildConfiguration;
			buildSettings = {
				DEFINES_MODULE = YES;
				HEADER_SEARCH_PATHS = (
					"$(inherited)",
					/Applications/Xcode.app/Contents/Developer/Toolchains/XcodeDefault.xctoolchain/usr/include,
					"$(SRCROOT)/../../../React/**",
					"$(SRCROOT)/../../react-native/React/**",
				);
				LIBRARY_SEARCH_PATHS = "$(inherited)";
				OTHER_LDFLAGS = "-ObjC";
				PRODUCT_NAME = IosUtilities;
				SKIP_INSTALL = YES;
				SWIFT_OBJC_BRIDGING_HEADER = "Src/IosUtilities-Bridging-Header.h";
				SWIFT_VERSION = 5.0;
			};
			name = Release;
		};
/* End XCBuildConfiguration section */

/* Begin XCConfigurationList section */
		58B511D61A9E6C8500147676 /* Build configuration list for PBXProject "IosUtilities" */ = {
			isa = XCConfigurationList;
			buildConfigurations = (
				58B511ED1A9E6C8500147676 /* Debug */,
				58B511EE1A9E6C8500147676 /* Release */,
			);
			defaultConfigurationIsVisible = 0;
			defaultConfigurationName = Release;
		};
		58B511EF1A9E6C8500147676 /* Build configuration list for PBXNativeTarget "IosUtilities" */ = {
			isa = XCConfigurationList;
			buildConfigurations = (
				58B511F01A9E6C8500147676 /* Debug */,
				58B511F11A9E6C8500147676 /* Release */,
			);
			defaultConfigurationIsVisible = 0;
			defaultConfigurationName = Release;
		};
/* End XCConfigurationList section */
	};
	rootObject = 58B511D31A9E6C8500147676 /* Project object */;
}
